
Microsoft Visual Studio Solution File, Format Version 12.00
Project("{FAE04EC0-301F-11D3-BF4B-00C04F79EFBC}") = "AdventOfCode", "AdventOfCode\AdventOfCode.csproj", "{2D2303F2-C1C2-4E15-82B0-6DFE1CA12CB7}"
EndProject
Project("{FAE04EC0-301F-11D3-BF4B-00C04F79EFBC}") = "Tests", "Tests\Tests.csproj", "{0D15E64F-193C-4B7D-BA35-8A7A837033A8}"
EndProject
Global
	GlobalSection(SolutionConfigurationPlatforms) = preSolution
		Debug|Any CPU = Debug|Any CPU
		Release|Any CPU = Release|Any CPU
	EndGlobalSection
	GlobalSection(ProjectConfigurationPlatforms) = postSolution
		{2D2303F2-C1C2-4E15-82B0-6DFE1CA12CB7}.Debug|Any CPU.ActiveCfg = Debug|Any CPU
		{2D2303F2-C1C2-4E15-82B0-6DFE1CA12CB7}.Debug|Any CPU.Build.0 = Debug|Any CPU
		{2D2303F2-C1C2-4E15-82B0-6DFE1CA12CB7}.Release|Any CPU.ActiveCfg = Release|Any CPU
		{2D2303F2-C1C2-4E15-82B0-6DFE1CA12CB7}.Release|Any CPU.Build.0 = Release|Any CPU
		{0D15E64F-193C-4B7D-BA35-8A7A837033A8}.Debug|Any CPU.ActiveCfg = Debug|Any CPU
		{0D15E64F-193C-4B7D-BA35-8A7A837033A8}.Debug|Any CPU.Build.0 = Debug|Any CPU
		{0D15E64F-193C-4B7D-BA35-8A7A837033A8}.Release|Any CPU.ActiveCfg = Release|Any CPU
		{0D15E64F-193C-4B7D-BA35-8A7A837033A8}.Release|Any CPU.Build.0 = Release|Any CPU
	EndGlobalSection
EndGlobal
